
Microsoft Visual Studio Solution File, Format Version 12.00
Project("{FAE04EC0-301F-11D3-BF4B-00C04F79EFBC}") = "MyNoSqlServer.NodePersistence.Grpc", "MyNoSqlServer.NodePersistence.Grpc\MyNoSqlServer.NodePersistence.Grpc.csproj", "{225AA428-3A14-4DC5-8C6A-A97E703803D6}"
EndProject
Global
	GlobalSection(SolutionConfigurationPlatforms) = preSolution
		Debug|Any CPU = Debug|Any CPU
		Release|Any CPU = Release|Any CPU
	EndGlobalSection
	GlobalSection(ProjectConfigurationPlatforms) = postSolution
		{225AA428-3A14-4DC5-8C6A-A97E703803D6}.Debug|Any CPU.ActiveCfg = Debug|Any CPU
		{225AA428-3A14-4DC5-8C6A-A97E703803D6}.Debug|Any CPU.Build.0 = Debug|Any CPU
		{225AA428-3A14-4DC5-8C6A-A97E703803D6}.Release|Any CPU.ActiveCfg = Release|Any CPU
		{225AA428-3A14-4DC5-8C6A-A97E703803D6}.Release|Any CPU.Build.0 = Release|Any CPU
	EndGlobalSection
EndGlobal
